<?xml version="1.0" encoding="utf-8"?>
<Project ToolsVersion="4.0" xmlns="http://schemas.microsoft.com/developer/msbuild/2003">
  <ItemGroup>
    <Filter Include="Generated Files">
      <UniqueIdentifier>{71ED8ED8-ACB9-4CE9-BBE1-E00B30144E11}</UniqueIdentifier>
      <Extensions>cpp;c;cxx;moc;h;def;odl;idl;res;</Extensions>
    </Filter>
    <Filter Include="Generated Files">
      <UniqueIdentifier>{71ED8ED8-ACB9-4CE9-BBE1-E00B30144E11}</UniqueIdentifier>
      <Extensions>cpp;c;cxx;moc;h;def;odl;idl;res;</Extensions>
    </Filter>
    <Filter Include="Header Files">
      <UniqueIdentifier>{93995380-89BD-4b04-88EB-625FBE52EBFB}</UniqueIdentifier>
      <Extensions>h;hpp;hxx;hm;inl;inc;xsd</Extensions>
    </Filter>
    <Filter Include="Header Files">
      <UniqueIdentifier>{93995380-89BD-4b04-88EB-625FBE52EBFB}</UniqueIdentifier>
      <Extensions>h;hpp;hxx;hm;inl;inc;xsd</Extensions>
    </Filter>
    <Filter Include="Source Files">
      <UniqueIdentifier>{4FC737F1-C7A5-4376-A066-2A32D752A2FF}</UniqueIdentifier>
      <Extensions>cpp;c;cxx;def;odl;idl;hpj;bat;asm;asmx</Extensions>
    </Filter>
    <Filter Include="Source Files">
      <UniqueIdentifier>{4FC737F1-C7A5-4376-A066-2A32D752A2FF}</UniqueIdentifier>
      <Extensions>cpp;c;cxx;def;odl;idl;hpj;bat;asm;asmx</Extensions>
    </Filter>
    <Filter Include="Translation Files">
      <UniqueIdentifier>{639EADAA-A684-42e4-A9AD-28FC9BCB8F7C}</UniqueIdentifier>
      <Extensions>ts;xlf</Extensions>
      <ParseFiles>false</ParseFiles>
    </Filter>
    <Filter Include="Translation Files">
      <UniqueIdentifier>{639EADAA-A684-42e4-A9AD-28FC9BCB8F7C}</UniqueIdentifier>
      <Extensions>ts;xlf</Extensions>
      <ParseFiles>false</ParseFiles>
    </Filter>
    <Filter Include="Generated Files\Debug">
      <UniqueIdentifier>{36949ee2-3027-47d5-8939-7d37df5c7468}</UniqueIdentifier>
      <Extensions>cpp;moc</Extensions>
      <SourceControlFiles>False</SourceControlFiles>
    </Filter>
    <Filter Include="Generated Files\Release">
      <UniqueIdentifier>{edf8a4a5-901b-4c4b-ad1c-d32363fa242b}</UniqueIdentifier>
      <Extensions>cpp;moc</Extensions>
      <SourceControlFiles>False</SourceControlFiles>
    </Filter>
  </ItemGroup>
  <ItemGroup>
    <ClCompile Include="commset.cpp">
      <Filter>Source Files</Filter>
    </ClCompile>
    <ClCompile Include="communication.cpp">
      <Filter>Source Files</Filter>
    </ClCompile>
    <ClCompile Include="connectdb.cpp">
      <Filter>Source Files</Filter>
    </ClCompile>
    <ClCompile Include="datamanager.cpp">
      <Filter>Source Files</Filter>
    </ClCompile>
    <ClCompile Include="giswnd.cpp">
      <Filter>Source Files</Filter>
    </ClCompile>
    <ClCompile Include="ledctl.cpp">
      <Filter>Source Files</Filter>
    </ClCompile>
    <ClCompile Include="main.cpp">
      <Filter>Source Files</Filter>
    </ClCompile>
    <ClCompile Include="mainwindow.cpp">
      <Filter>Source Files</Filter>
    </ClCompile>
    <ClCompile Include="menubar.cpp">
      <Filter>Source Files</Filter>
    </ClCompile>
    <ClCompile Include="minewnd.cpp">
      <Filter>Source Files</Filter>
    </ClCompile>
    <ClCompile Include="plotlines.cpp">
      <Filter>Source Files</Filter>
    </ClCompile>
    <ClCompile Include="rtdatatablewnd.cpp">
      <Filter>Source Files</Filter>
    </ClCompile>
    <ClCompile Include="rtwavewnd.cpp">
      <Filter>Source Files</Filter>
    </ClCompile>
    <ClCompile Include="scrolltabctl.cpp">
      <Filter>Source Files</Filter>
    </ClCompile>
    <ClCompile Include="serialport.cpp">
      <Filter>Source Files</Filter>
    </ClCompile>
    <ClCompile Include="statusbar.cpp">
      <Filter>Source Files</Filter>
    </ClCompile>
    <ClCompile Include="testmap.cpp">
      <Filter>Source Files</Filter>
    </ClCompile>
    <ClCompile Include="toolbar.cpp">
      <Filter>Source Files</Filter>
    </ClCompile>
    <ClCompile Include="valuectl.cpp">
      <Filter>Source Files</Filter>
    </ClCompile>
    <ClCompile Include="wellwnd.cpp">
      <Filter>Source Files</Filter>
    </ClCompile>
    <ClCompile Include="widget.cpp">
      <Filter>Source Files</Filter>
    </ClCompile>
    <ClCompile Include="Debug\moc_commset.cpp">
      <Filter>Generated Files\Debug</Filter>
    </ClCompile>
    <ClCompile Include="Release\moc_commset.cpp">
      <Filter>Generated Files\Release</Filter>
    </ClCompile>
    <ClCompile Include="Debug\moc_communication.cpp">
      <Filter>Generated Files\Debug</Filter>
    </ClCompile>
    <ClCompile Include="Release\moc_communication.cpp">
      <Filter>Generated Files\Release</Filter>
    </ClCompile>
    <ClCompile Include="Debug\moc_connectdb.cpp">
      <Filter>Generated Files\Debug</Filter>
    </ClCompile>
    <ClCompile Include="Release\moc_connectdb.cpp">
      <Filter>Generated Files\Release</Filter>
    </ClCompile>
    <ClCompile Include="Debug\moc_giswnd.cpp">
      <Filter>Generated Files\Debug</Filter>
    </ClCompile>
    <ClCompile Include="Release\moc_giswnd.cpp">
      <Filter>Generated Files\Release</Filter>
    </ClCompile>
    <ClCompile Include="Debug\moc_ledctl.cpp">
      <Filter>Generated Files\Debug</Filter>
    </ClCompile>
    <ClCompile Include="Release\moc_ledctl.cpp">
      <Filter>Generated Files\Release</Filter>
    </ClCompile>
    <ClCompile Include="Debug\moc_mainwindow.cpp">
      <Filter>Generated Files\Debug</Filter>
    </ClCompile>
    <ClCompile Include="Release\moc_mainwindow.cpp">
      <Filter>Generated Files\Release</Filter>
    </ClCompile>
    <ClCompile Include="Debug\moc_menubar.cpp">
      <Filter>Generated Files\Debug</Filter>
    </ClCompile>
    <ClCompile Include="Release\moc_menubar.cpp">
      <Filter>Generated Files\Release</Filter>
    </ClCompile>
    <ClCompile Include="Debug\moc_minewnd.cpp">
      <Filter>Generated Files\Debug</Filter>
    </ClCompile>
    <ClCompile Include="Release\moc_minewnd.cpp">
      <Filter>Generated Files\Release</Filter>
    </ClCompile>
    <ClCompile Include="Debug\moc_plotlines.cpp">
      <Filter>Generated Files\Debug</Filter>
    </ClCompile>
    <ClCompile Include="Release\moc_plotlines.cpp">
      <Filter>Generated Files\Release</Filter>
    </ClCompile>
    <ClCompile Include="Debug\moc_rtdatatablewnd.cpp">
      <Filter>Generated Files\Debug</Filter>
    </ClCompile>
    <ClCompile Include="Release\moc_rtdatatablewnd.cpp">
      <Filter>Generated Files\Release</Filter>
    </ClCompile>
    <ClCompile Include="Debug\moc_rtwavewnd.cpp">
      <Filter>Generated Files\Debug</Filter>
    </ClCompile>
    <ClCompile Include="Release\moc_rtwavewnd.cpp">
      <Filter>Generated Files\Release</Filter>
    </ClCompile>
    <ClCompile Include="Debug\moc_serialport.cpp">
      <Filter>Generated Files\Debug</Filter>
    </ClCompile>
    <ClCompile Include="Release\moc_serialport.cpp">
      <Filter>Generated Files\Release</Filter>
    </ClCompile>
    <ClCompile Include="Debug\moc_statusbar.cpp">
      <Filter>Generated Files\Debug</Filter>
    </ClCompile>
    <ClCompile Include="Release\moc_statusbar.cpp">
      <Filter>Generated Files\Release</Filter>
    </ClCompile>
    <ClCompile Include="Debug\moc_testmap.cpp">
      <Filter>Generated Files\Debug</Filter>
    </ClCompile>
    <ClCompile Include="Release\moc_testmap.cpp">
      <Filter>Generated Files\Release</Filter>
    </ClCompile>
    <ClCompile Include="Debug\moc_toolbar.cpp">
      <Filter>Generated Files\Debug</Filter>
    </ClCompile>
    <ClCompile Include="Release\moc_toolbar.cpp">
      <Filter>Generated Files\Release</Filter>
    </ClCompile>
    <ClCompile Include="Debug\moc_valuectl.cpp">
      <Filter>Generated Files\Debug</Filter>
    </ClCompile>
    <ClCompile Include="Release\moc_valuectl.cpp">
      <Filter>Generated Files\Release</Filter>
    </ClCompile>
    <ClCompile Include="Debug\moc_wellwnd.cpp">
      <Filter>Generated Files\Debug</Filter>
    </ClCompile>
    <ClCompile Include="Release\moc_wellwnd.cpp">
      <Filter>Generated Files\Release</Filter>
    </ClCompile>
    <ClCompile Include="Debug\moc_widget.cpp">
      <Filter>Generated Files\Debug</Filter>
    </ClCompile>
    <ClCompile Include="Release\moc_widget.cpp">
      <Filter>Generated Files\Release</Filter>
    </ClCompile>
  </ItemGroup>
  <ItemGroup>
    <CustomBuild Include="commset.h">
      <Filter>Header Files</Filter>
    </CustomBuild>
    <CustomBuild Include="communication.h">
      <Filter>Header Files</Filter>
    </CustomBuild>
    <CustomBuild Include="connectdb.h">
      <Filter>Header Files</Filter>
    </CustomBuild>
    <ClInclude Include="datamanager.h">
      <Filter>Header Files</Filter>
    </ClInclude>
    <CustomBuild Include="giswnd.h">
      <Filter>Header Files</Filter>
    </CustomBuild>
    <CustomBuild Include="ledctl.h">
      <Filter>Header Files</Filter>
    </CustomBuild>
    <CustomBuild Include="mainwindow.h">
      <Filter>Header Files</Filter>
    </CustomBuild>
    <CustomBuild Include="menubar.h">
      <Filter>Header Files</Filter>
    </CustomBuild>
    <CustomBuild Include="minewnd.h">
      <Filter>Header Files</Filter>
    </CustomBuild>
    <ClInclude Include="modbus\modbus.h">
      <Filter>Header Files</Filter>
    </ClInclude>
    <CustomBuild Include="plotlines.h">
      <Filter>Header Files</Filter>
    </CustomBuild>
    <CustomBuild Include="rtdatatablewnd.h">
      <Filter>Header Files</Filter>
    </CustomBuild>
    <CustomBuild Include="rtwavewnd.h">
      <Filter>Header Files</Filter>
    </CustomBuild>
    <ClInclude Include="scrolltabctl.h">
      <Filter>Header Files</Filter>
    </ClInclude>
    <CustomBuild Include="serialport.h">
      <Filter>Header Files</Filter>
    </CustomBuild>
    <CustomBuild Include="statusbar.h">
      <Filter>Header Files</Filter>
    </CustomBuild>
    <CustomBuild Include="testmap.h">
      <Filter>Header Files</Filter>
    </CustomBuild>
    <CustomBuild Include="toolbar.h">
      <Filter>Header Files</Filter>
    </CustomBuild>
    <CustomBuild Include="valuectl.h">
      <Filter>Header Files</Filter>
    </CustomBuild>
    <CustomBuild Include="wellwnd.h">
      <Filter>Header Files</Filter>
    </CustomBuild>
    <CustomBuild Include="widget.h">
      <Filter>Header Files</Filter>
    </CustomBuild>
  </ItemGroup>
  <ItemGroup>
    <None Include="language_cn.ts">
      <Filter>Translation Files</Filter>
    </None>
    <None Include="language_en.ts">
      <Filter>Translation Files</Filter>
    </None>
  </ItemGroup>
</Project>